
Microsoft Visual Studio Solution File, Format Version 11.00
# Visual Studio 2010
Project("{FAE04EC0-301F-11D3-BF4B-00C04F79EFBC}") = "fastJSON-SL", "fastJSON-SL.csproj", "{DE69A017-6A50-41F2-BFC7-F451BA4CC50B}"
EndProject
Global
	GlobalSection(SolutionConfigurationPlatforms) = preSolution
		Debug|Any CPU = Debug|Any CPU
		Release|Any CPU = Release|Any CPU
	EndGlobalSection
	GlobalSection(ProjectConfigurationPlatforms) = postSolution
		{DE69A017-6A50-41F2-BFC7-F451BA4CC50B}.Debug|Any CPU.ActiveCfg = Debug|Any CPU
		{DE69A017-6A50-41F2-BFC7-F451BA4CC50B}.Debug|Any CPU.Build.0 = Debug|Any CPU
		{DE69A017-6A50-41F2-BFC7-F451BA4CC50B}.Release|Any CPU.ActiveCfg = Release|Any CPU
		{DE69A017-6A50-41F2-BFC7-F451BA4CC50B}.Release|Any CPU.Build.0 = Release|Any CPU
	EndGlobalSection
	GlobalSection(SolutionProperties) = preSolution
		HideSolutionNode = FALSE
	EndGlobalSection
EndGlobal
